{
  "name": "kyp-core",
  "version": "0.0.1",
  "lockfileVersion": 1,
  "requires": true,
  "dependencies": {
    "@set/fingerprint-plugin": {
      "version": "0.0.2",
      "resolved": "https://nexus.digitalharbor.us/repository/set-npm-private/@set/fingerprint-plugin/-/fingerprint-plugin-0.0.2.tgz",
      "integrity": "sha512-eB4XYnd7fEYIqRRwjXg35GlCmKCSGvs4KG3FLNAtqBbc/96M9IUMBPWhwWTUxPz8EaY232j/zyoRY5N6Sf+Wsg=="
    },
    "ngx-cookie": {
      "version": "2.0.1",
      "resolved": "https://nexus.digitalharbor.us/repository/set-npm-group/ngx-cookie/-/ngx-cookie-2.0.1.tgz",
      "integrity": "sha512-3+agXZkoPxRP3IyELf7Eiuhk6TX+EAX974kkCR6Xjm+N7boEA+Fin2Q90AAE4XZzY48skkVzLH96TOikb5yU3g=="
    },
    "tslib": {
      "version": "2.7.0",
      "resolved": "https://nexus.digitalharbor.us/repository/set-npm-group/tslib/-/tslib-2.7.0.tgz",
      "integrity": "sha512-gLXCKdN1/j47AiHiOkJN69hJmcbGTHI0ImLmbYLHykhgeN0jVGola9yVjFgzCUklsZQMW55o+dW7IXv3RCXDzA=="
    }
  }
}
