{
  "name": "kyp-core",
  "version": "0.0.1",
  "lockfileVersion": 1,
  "requires": true,
  "dependencies": {
    "@set/fingerprint-plugin": {
      "version": "0.0.2",
      "resolved": "https://nexus.digitalharbor.us/repository/set-npm-private/@set/fingerprint-plugin/-/fingerprint-plugin-0.0.2.tgz",
      "integrity": "sha512-eB4XYnd7fEYIqRRwjXg35GlCmKCSGvs4KG3FLNAtqBbc/96M9IUMBPWhwWTUxPz8EaY232j/zyoRY5N6Sf+Wsg=="
    },
    "@types/underscore": {
      "version": "1.11.15",
      "resolved": "https://nexus.digitalharbor.us/repository/set-npm-group/@types/underscore/-/underscore-1.11.15.tgz",
      "integrity": "sha512-HP38xE+GuWGlbSRq9WrZkousaQ7dragtZCruBVMi0oX1migFZavZ3OROKHSkNp/9ouq82zrWtZpg18jFnVN96g=="
    },
    "angular2-draggable": {
      "version": "2.3.2",
      "resolved": "https://nexus.digitalharbor.us/repository/set-npm-group/angular2-draggable/-/angular2-draggable-2.3.2.tgz",
      "integrity": "sha512-rw2O/icgVang8uSVIU7nmm59f1DceSAUQkOuSGYnKbv/h8EbhJ9099sCjh/I5LymZBza1XPKeFZofIvhekdE+A==",
      "requires": {
        "tslib": "^1.9.0"
      },
      "dependencies": {
        "tslib": {
          "version": "1.14.1",
          "resolved": "https://nexus.digitalharbor.us/repository/set-npm-group/tslib/-/tslib-1.14.1.tgz",
          "integrity": "sha512-Xni35NKzjgMrwevysHTCArtLDpPvye8zV/0E4EyYn43P7/7qvQwPh9BGkHewbMulVntbigmcT7rdX3BNo9wRJg=="
        }
      }
    },
    "jquery": {
      "version": "3.5.1",
      "resolved": "https://nexus.digitalharbor.us/repository/set-npm-group/jquery/-/jquery-3.5.1.tgz",
      "integrity": "sha512-XwIBPqcMn57FxfT+Go5pzySnm4KWkT1Tv7gjrpT1srtf8Weynl6R273VJ5GjkRb51IzMp5nbaPjJXMWeju2MKg=="
    },
    "kyp-common": {
      "version": "file:lib/kyp-common-0.0.1.tgz",
      "integrity": "sha512-naLJGQ0JzT48xnNshbyhxiIGZ1lM8X9wF1x1QBPVAQepJrnc9iMbM/6k6SOlf18xp7+6IxcvVdLQjoLyO/YTVg==",
      "requires": {
        "@set/fingerprint-plugin": "0.0.2",
        "@types/underscore": "^1.11.6",
        "angular2-draggable": "^2.3.2",
        "jquery": "3.5.1",
        "lodash": "^4.17.10",
        "moment": "^2.29.4",
        "ngx-cookie": "^2.0.1",
        "tslib": "^2.0.0"
      }
    },
    "lodash": {
      "version": "4.17.21",
      "resolved": "https://nexus.digitalharbor.us/repository/set-npm-group/lodash/-/lodash-4.17.21.tgz",
      "integrity": "sha512-v2kDEe57lecTulaDIuNTPy3Ry4gLGJ6Z1O3vE1krgXZNrsQ+LFTGHVxVjcXPs17LhbZVGedAJv8XZ1tvj5FvSg=="
    },
    "moment": {
      "version": "2.30.1",
      "resolved": "https://nexus.digitalharbor.us/repository/set-npm-group/moment/-/moment-2.30.1.tgz",
      "integrity": "sha512-uEmtNhbDOrWPFS+hdjFCBfy9f2YoyzRpwcl+DqpC6taX21FzsTLQVbMV/W7PzNSX6x/bhC1zA3c2UQ5NzH6how=="
    },
    "ngx-cookie": {
      "version": "2.0.1",
      "resolved": "https://nexus.digitalharbor.us/repository/set-npm-group/ngx-cookie/-/ngx-cookie-2.0.1.tgz",
      "integrity": "sha512-3+agXZkoPxRP3IyELf7Eiuhk6TX+EAX974kkCR6Xjm+N7boEA+Fin2Q90AAE4XZzY48skkVzLH96TOikb5yU3g=="
    },
    "tslib": {
      "version": "2.7.0",
      "resolved": "https://nexus.digitalharbor.us/repository/set-npm-group/tslib/-/tslib-2.7.0.tgz",
      "integrity": "sha512-gLXCKdN1/j47AiHiOkJN69hJmcbGTHI0ImLmbYLHykhgeN0jVGola9yVjFgzCUklsZQMW55o+dW7IXv3RCXDzA=="
    },
    "underscore": {
      "version": "1.13.7",
      "resolved": "https://nexus.digitalharbor.us/repository/set-npm-group/underscore/-/underscore-1.13.7.tgz",
      "integrity": "sha512-GMXzWtsc57XAtguZgaQViUOzs0KTkk8ojr3/xAxXLITqf/3EMwxC0inyETfDFjH/Krbhuep0HNbbjI9i/q3F3g=="
    }
  }
}
